
Microsoft Visual Studio Solution File, Format Version 12.00
# Visual Studio Version 17
VisualStudioVersion = 17.8.34511.84
MinimumVisualStudioVersion = 10.0.40219.1
Project("{9A19103F-16F7-4668-BE54-9A1E7A4F7556}") = "Entities", "Entities\Entities.csproj", "{D86ACB66-1F06-4651-B3AD-9AB4DA3A3E11}"
EndProject
Project("{9A19103F-16F7-4668-BE54-9A1E7A4F7556}") = "DataAccess", "DataAccess\DataAccess.csproj", "{CE57664D-D089-4A21-B0A8-12A450AA5A34}"
EndProject
Project("{9A19103F-16F7-4668-BE54-9A1E7A4F7556}") = "Business", "Business\Business.csproj", "{D15AE695-8B5B-4A10-9A35-CBA9292F76CD}"
EndProject
Project("{9A19103F-16F7-4668-BE54-9A1E7A4F7556}") = "ConsoleUI", "ConsoleUI\ConsoleUI.csproj", "{8687B93F-C41C-480A-9B7C-26144546D0D4}"
EndProject
Project("{FAE04EC0-301F-11D3-BF4B-00C04F79EFBC}") = "Core", "Core\Core.csproj", "{45B95994-6180-4432-805E-44C2733ECEF3}"
EndProject
Global
	GlobalSection(SolutionConfigurationPlatforms) = preSolution
		Debug|Any CPU = Debug|Any CPU
		Release|Any CPU = Release|Any CPU
	EndGlobalSection
	GlobalSection(ProjectConfigurationPlatforms) = postSolution
		{D86ACB66-1F06-4651-B3AD-9AB4DA3A3E11}.Debug|Any CPU.ActiveCfg = Debug|Any CPU
		{D86ACB66-1F06-4651-B3AD-9AB4DA3A3E11}.Debug|Any CPU.Build.0 = Debug|Any CPU
		{D86ACB66-1F06-4651-B3AD-9AB4DA3A3E11}.Release|Any CPU.ActiveCfg = Release|Any CPU
		{D86ACB66-1F06-4651-B3AD-9AB4DA3A3E11}.Release|Any CPU.Build.0 = Release|Any CPU
		{CE57664D-D089-4A21-B0A8-12A450AA5A34}.Debug|Any CPU.ActiveCfg = Debug|Any CPU
		{CE57664D-D089-4A21-B0A8-12A450AA5A34}.Debug|Any CPU.Build.0 = Debug|Any CPU
		{CE57664D-D089-4A21-B0A8-12A450AA5A34}.Release|Any CPU.ActiveCfg = Release|Any CPU
		{CE57664D-D089-4A21-B0A8-12A450AA5A34}.Release|Any CPU.Build.0 = Release|Any CPU
		{D15AE695-8B5B-4A10-9A35-CBA9292F76CD}.Debug|Any CPU.ActiveCfg = Debug|Any CPU
		{D15AE695-8B5B-4A10-9A35-CBA9292F76CD}.Debug|Any CPU.Build.0 = Debug|Any CPU
		{D15AE695-8B5B-4A10-9A35-CBA9292F76CD}.Release|Any CPU.ActiveCfg = Release|Any CPU
		{D15AE695-8B5B-4A10-9A35-CBA9292F76CD}.Release|Any CPU.Build.0 = Release|Any CPU
		{8687B93F-C41C-480A-9B7C-26144546D0D4}.Debug|Any CPU.ActiveCfg = Debug|Any CPU
		{8687B93F-C41C-480A-9B7C-26144546D0D4}.Debug|Any CPU.Build.0 = Debug|Any CPU
		{8687B93F-C41C-480A-9B7C-26144546D0D4}.Release|Any CPU.ActiveCfg = Release|Any CPU
		{8687B93F-C41C-480A-9B7C-26144546D0D4}.Release|Any CPU.Build.0 = Release|Any CPU
		{45B95994-6180-4432-805E-44C2733ECEF3}.Debug|Any CPU.ActiveCfg = Debug|Any CPU
		{45B95994-6180-4432-805E-44C2733ECEF3}.Debug|Any CPU.Build.0 = Debug|Any CPU
		{45B95994-6180-4432-805E-44C2733ECEF3}.Release|Any CPU.ActiveCfg = Release|Any CPU
		{45B95994-6180-4432-805E-44C2733ECEF3}.Release|Any CPU.Build.0 = Release|Any CPU
	EndGlobalSection
	GlobalSection(SolutionProperties) = preSolution
		HideSolutionNode = FALSE
	EndGlobalSection
	GlobalSection(ExtensibilityGlobals) = postSolution
		SolutionGuid = {9D57360D-6167-4256-AEA3-CB4C2A079EB4}
	EndGlobalSection
EndGlobal
